// !$*UTF8*$!
{
	archiveVersion = 1;
	classes = {
	};
	objectVersion = 50;
	objects = {

/* Begin PBXBuildFile section */
		6DB6ED4B2675FC1F003B08DD /* AppDelegate.swift in Sources */ = {isa = PBXBuildFile; fileRef = 6DB6ED4A2675FC1F003B08DD /* AppDelegate.swift */; };
		6DB6ED4D2675FC1F003B08DD /* SceneDelegate.swift in Sources */ = {isa = PBXBuildFile; fileRef = 6DB6ED4C2675FC1F003B08DD /* SceneDelegate.swift */; };
		6DB6ED4F2675FC1F003B08DD /* ViewController.swift in Sources */ = {isa = PBXBuildFile; fileRef = 6DB6ED4E2675FC1F003B08DD /* ViewController.swift */; };
		6DB6ED522675FC1F003B08DD /* Main.storyboard in Resources */ = {isa = PBXBuildFile; fileRef = 6DB6ED502675FC1F003B08DD /* Main.storyboard */; };
		6DB6ED542675FC20003B08DD /* Assets.xcassets in Resources */ = {isa = PBXBuildFile; fileRef = 6DB6ED532675FC20003B08DD /* Assets.xcassets */; };
		6DB6ED572675FC20003B08DD /* LaunchScreen.storyboard in Resources */ = {isa = PBXBuildFile; fileRef = 6DB6ED552675FC20003B08DD /* LaunchScreen.storyboard */; };
		6DB6ED5F2675FC8C003B08DD /* Player.swift in Sources */ = {isa = PBXBuildFile; fileRef = 6DB6ED5E2675FC8C003B08DD /* Player.swift */; };
		6DB6ED612675FC94003B08DD /* Tile.swift in Sources */ = {isa = PBXBuildFile; fileRef = 6DB6ED602675FC94003B08DD /* Tile.swift */; };
		6DB6ED632675FC9E003B08DD /* Board.swift in Sources */ = {isa = PBXBuildFile; fileRef = 6DB6ED622675FC9E003B08DD /* Board.swift */; };
/* End PBXBuildFile section */

/* Begin PBXFileReference section */
		6DB6ED472675FC1F003B08DD /* Bingo Scorecard.app */ = {isa = PBXFileReference; explicitFileType = wrapper.application; includeInIndex = 0; path = "Bingo Scorecard.app"; sourceTree = BUILT_PRODUCTS_DIR; };
		6DB6ED4A2675FC1F003B08DD /* AppDelegate.swift */ = {isa = PBXFileReference; lastKnownFileType = sourcecode.swift; path = AppDelegate.swift; sourceTree = "<group>"; };
		6DB6ED4C2675FC1F003B08DD /* SceneDelegate.swift */ = {isa = PBXFileReference; lastKnownFileType = sourcecode.swift; path = SceneDelegate.swift; sourceTree = "<group>"; };
		6DB6ED4E2675FC1F003B08DD /* ViewController.swift */ = {isa = PBXFileReference; lastKnownFileType = sourcecode.swift; path = ViewController.swift; sourceTree = "<group>"; };
		6DB6ED512675FC1F003B08DD /* Base */ = {isa = PBXFileReference; lastKnownFileType = file.storyboard; name = Base; path = Base.lproj/Main.storyboard; sourceTree = "<group>"; };
		6DB6ED532675FC20003B08DD /* Assets.xcassets */ = {isa = PBXFileReference; lastKnownFileType = folder.assetcatalog; path = Assets.xcassets; sourceTree = "<group>"; };
		6DB6ED562675FC20003B08DD /* Base */ = {isa = PBXFileReference; lastKnownFileType = file.storyboard; name = Base; path = Base.lproj/LaunchScreen.storyboard; sourceTree = "<group>"; };
		6DB6ED582675FC20003B08DD /* Info.plist */ = {isa = PBXFileReference; lastKnownFileType = text.plist.xml; path = Info.plist; sourceTree = "<group>"; };
		6DB6ED5E2675FC8C003B08DD /* Player.swift */ = {isa = PBXFileReference; lastKnownFileType = sourcecode.swift; path = Player.swift; sourceTree = "<group>"; };
		6DB6ED602675FC94003B08DD /* Tile.swift */ = {isa = PBXFileReference; lastKnownFileType = sourcecode.swift; path = Tile.swift; sourceTree = "<group>"; };
		6DB6ED622675FC9E003B08DD /* Board.swift */ = {isa = PBXFileReference; lastKnownFileType = sourcecode.swift; path = Board.swift; sourceTree = "<group>"; };
/* End PBXFileReference section */

/* Begin PBXFrameworksBuildPhase section */
		6DB6ED442675FC1F003B08DD /* Frameworks */ = {
			isa = PBXFrameworksBuildPhase;
			buildActionMask = 2147483647;
			files = (
			);
			runOnlyForDeploymentPostprocessing = 0;
		};
/* End PBXFrameworksBuildPhase section */

/* Begin PBXGroup section */
		6DB6ED3E2675FC1F003B08DD = {
			isa = PBXGroup;
			children = (
				6DB6ED492675FC1F003B08DD /* Bingo Scorecard */,
				6DB6ED482675FC1F003B08DD /* Products */,
			);
			sourceTree = "<group>";
		};
		6DB6ED482675FC1F003B08DD /* Products */ = {
			isa = PBXGroup;
			children = (
				6DB6ED472675FC1F003B08DD /* Bingo Scorecard.app */,
			);
			name = Products;
			sourceTree = "<group>";
		};
		6DB6ED492675FC1F003B08DD /* Bingo Scorecard */ = {
			isa = PBXGroup;
			children = (
				6DB6ED4A2675FC1F003B08DD /* AppDelegate.swift */,
				6DB6ED4C2675FC1F003B08DD /* SceneDelegate.swift */,
				6DB6ED4E2675FC1F003B08DD /* ViewController.swift */,
				6DB6ED5E2675FC8C003B08DD /* Player.swift */,
				6DB6ED622675FC9E003B08DD /* Board.swift */,
				6DB6ED602675FC94003B08DD /* Tile.swift */,
				6DB6ED502675FC1F003B08DD /* Main.storyboard */,
				6DB6ED532675FC20003B08DD /* Assets.xcassets */,
				6DB6ED552675FC20003B08DD /* LaunchScreen.storyboard */,
				6DB6ED582675FC20003B08DD /* Info.plist */,
			);
			path = "Bingo Scorecard";
			sourceTree = "<group>";
		};
/* End PBXGroup section */

/* Begin PBXNativeTarget section */
		6DB6ED462675FC1F003B08DD /* Bingo Scorecard */ = {
			isa = PBXNativeTarget;
			buildConfigurationList = 6DB6ED5B2675FC20003B08DD /* Build configuration list for PBXNativeTarget "Bingo Scorecard" */;
			buildPhases = (
				6DB6ED432675FC1F003B08DD /* Sources */,
				6DB6ED442675FC1F003B08DD /* Frameworks */,
				6DB6ED452675FC1F003B08DD /* Resources */,
			);
			buildRules = (
			);
			dependencies = (
			);
			name = "Bingo Scorecard";
			productName = "Bingo Scorecard";
			productReference = 6DB6ED472675FC1F003B08DD /* Bingo Scorecard.app */;
			productType = "com.apple.product-type.application";
		};
/* End PBXNativeTarget section */

/* Begin PBXProject section */
		6DB6ED3F2675FC1F003B08DD /* Project object */ = {
			isa = PBXProject;
			attributes = {
				LastSwiftUpdateCheck = 1250;
				LastUpgradeCheck = 1250;
				TargetAttributes = {
					6DB6ED462675FC1F003B08DD = {
						CreatedOnToolsVersion = 12.5;
					};
				};
			};
			buildConfigurationList = 6DB6ED422675FC1F003B08DD /* Build configuration list for PBXProject "Bingo Scorecard" */;
			compatibilityVersion = "Xcode 9.3";
			developmentRegion = en;
			hasScannedForEncodings = 0;
			knownRegions = (
				en,
				Base,
			);
			mainGroup = 6DB6ED3E2675FC1F003B08DD;
			productRefGroup = 6DB6ED482675FC1F003B08DD /* Products */;
			projectDirPath = "";
			projectRoot = "";
			targets = (
				6DB6ED462675FC1F003B08DD /* Bingo Scorecard */,
			);
		};
/* End PBXProject section */

/* Begin PBXResourcesBuildPhase section */
		6DB6ED452675FC1F003B08DD /* Resources */ = {
			isa = PBXResourcesBuildPhase;
			buildActionMask = 2147483647;
			files = (
				6DB6ED572675FC20003B08DD /* LaunchScreen.storyboard in Resources */,
				6DB6ED542675FC20003B08DD /* Assets.xcassets in Resources */,
				6DB6ED522675FC1F003B08DD /* Main.storyboard in Resources */,
			);
			runOnlyForDeploymentPostprocessing = 0;
		};
/* End PBXResourcesBuildPhase section */

/* Begin PBXSourcesBuildPhase section */
		6DB6ED432675FC1F003B08DD /* Sources */ = {
			isa = PBXSourcesBuildPhase;
			buildActionMask = 2147483647;
			files = (
				6DB6ED5F2675FC8C003B08DD /* Player.swift in Sources */,
				6DB6ED4F2675FC1F003B08DD /* ViewController.swift in Sources */,
				6DB6ED632675FC9E003B08DD /* Board.swift in Sources */,
				6DB6ED612675FC94003B08DD /* Tile.swift in Sources */,
				6DB6ED4B2675FC1F003B08DD /* AppDelegate.swift in Sources */,
				6DB6ED4D2675FC1F003B08DD /* SceneDelegate.swift in Sources */,
			);
			runOnlyForDeploymentPostprocessing = 0;
		};
/* End PBXSourcesBuildPhase section */

/* Begin PBXVariantGroup section */
		6DB6ED502675FC1F003B08DD /* Main.storyboard */ = {
			isa = PBXVariantGroup;
			children = (
				6DB6ED512675FC1F003B08DD /* Base */,
			);
			name = Main.storyboard;
			sourceTree = "<group>";
		};
		6DB6ED552675FC20003B08DD /* LaunchScreen.storyboard */ = {
			isa = PBXVariantGroup;
			children = (
				6DB6ED562675FC20003B08DD /* Base */,
			);
			name = LaunchScreen.storyboard;
			sourceTree = "<group>";
		};
/* End PBXVariantGroup section */

/* Begin XCBuildConfiguration section */
		6DB6ED592675FC20003B08DD /* Debug */ = {
			isa = XCBuildConfiguration;
			buildSettings = {
				ALWAYS_SEARCH_USER_PATHS = NO;
				CLANG_ANALYZER_NONNULL = YES;
				CLANG_ANALYZER_NUMBER_OBJECT_CONVERSION = YES_AGGRESSIVE;
				CLANG_CXX_LANGUAGE_STANDARD = "gnu++14";
				CLANG_CXX_LIBRARY = "libc++";
				CLANG_ENABLE_MODULES = YES;
				CLANG_ENABLE_OBJC_ARC = YES;
				CLANG_ENABLE_OBJC_WEAK = YES;
				CLANG_WARN_BLOCK_CAPTURE_AUTORELEASING = YES;
				CLANG_WARN_BOOL_CONVERSION = YES;
				CLANG_WARN_COMMA = YES;
				CLANG_WARN_CONSTANT_CONVERSION = YES;
				CLANG_WARN_DEPRECATED_OBJC_IMPLEMENTATIONS = YES;
				CLANG_WARN_DIRECT_OBJC_ISA_USAGE = YES_ERROR;
				CLANG_WARN_DOCUMENTATION_COMMENTS = YES;
				CLANG_WARN_EMPTY_BODY = YES;
				CLANG_WARN_ENUM_CONVERSION = YES;
				CLANG_WARN_INFINITE_RECURSION = YES;
				CLANG_WARN_INT_CONVERSION = YES;
				CLANG_WARN_NON_LITERAL_NULL_CONVERSION = YES;
				CLANG_WARN_OBJC_IMPLICIT_RETAIN_SELF = YES;
				CLANG_WARN_OBJC_LITERAL_CONVERSION = YES;
				CLANG_WARN_OBJC_ROOT_CLASS = YES_ERROR;
				CLANG_WARN_QUOTED_INCLUDE_IN_FRAMEWORK_HEADER = YES;
				CLANG_WARN_RANGE_LOOP_ANALYSIS = YES;
				CLANG_WARN_STRICT_PROTOTYPES = YES;
				CLANG_WARN_SUSPICIOUS_MOVE = YES;
				CLANG_WARN_UNGUARDED_AVAILABILITY = YES_AGGRESSIVE;
				CLANG_WARN_UNREACHABLE_CODE = YES;
				CLANG_WARN__DUPLICATE_METHOD_MATCH = YES;
				COPY_PHASE_STRIP = NO;
				DEBUG_INFORMATION_FORMAT = dwarf;
				ENABLE_STRICT_OBJC_MSGSEND = YES;
				ENABLE_TESTABILITY = YES;
				GCC_C_LANGUAGE_STANDARD = gnu11;
				GCC_DYNAMIC_NO_PIC = NO;
				GCC_NO_COMMON_BLOCKS = YES;
				GCC_OPTIMIZATION_LEVEL = 0;
				GCC_PREPROCESSOR_DEFINITIONS = (
					"DEBUG=1",
					"$(inherited)",
				);
				GCC_WARN_64_TO_32_BIT_CONVERSION = YES;
				GCC_WARN_ABOUT_RETURN_TYPE = YES_ERROR;
				GCC_WARN_UNDECLARED_SELECTOR = YES;
				GCC_WARN_UNINITIALIZED_AUTOS = YES_AGGRESSIVE;
				GCC_WARN_UNUSED_FUNCTION = YES;
				GCC_WARN_UNUSED_VARIABLE = YES;
				IPHONEOS_DEPLOYMENT_TARGET = 14.5;
				MTL_ENABLE_DEBUG_INFO = INCLUDE_SOURCE;
				MTL_FAST_MATH = YES;
				ONLY_ACTIVE_ARCH = YES;
				SDKROOT = iphoneos;
				SWIFT_ACTIVE_COMPILATION_CONDITIONS = DEBUG;
				SWIFT_OPTIMIZATION_LEVEL = "-Onone";
			};
			name = Debug;
		};
		6DB6ED5A2675FC20003B08DD /* Release */ = {
			isa = XCBuildConfiguration;
			buildSettings = {
				ALWAYS_SEARCH_USER_PATHS = NO;
				CLANG_ANALYZER_NONNULL = YES;
				CLANG_ANALYZER_NUMBER_OBJECT_CONVERSION = YES_AGGRESSIVE;
				CLANG_CXX_LANGUAGE_STANDARD = "gnu++14";
				CLANG_CXX_LIBRARY = "libc++";
				CLANG_ENABLE_MODULES = YES;
				CLANG_ENABLE_OBJC_ARC = YES;
				CLANG_ENABLE_OBJC_WEAK = YES;
				CLANG_WARN_BLOCK_CAPTURE_AUTORELEASING = YES;
				CLANG_WARN_BOOL_CONVERSION = YES;
				CLANG_WARN_COMMA = YES;
				CLANG_WARN_CONSTANT_CONVERSION = YES;
				CLANG_WARN_DEPRECATED_OBJC_IMPLEMENTATIONS = YES;
				CLANG_WARN_DIRECT_OBJC_ISA_USAGE = YES_ERROR;
				CLANG_WARN_DOCUMENTATION_COMMENTS = YES;
				CLANG_WARN_EMPTY_BODY = YES;
				CLANG_WARN_ENUM_CONVERSION = YES;
				CLANG_WARN_INFINITE_RECURSION = YES;
				CLANG_WARN_INT_CONVERSION = YES;
				CLANG_WARN_NON_LITERAL_NULL_CONVERSION = YES;
				CLANG_WARN_OBJC_IMPLICIT_RETAIN_SELF = YES;
				CLANG_WARN_OBJC_LITERAL_CONVERSION = YES;
				CLANG_WARN_OBJC_ROOT_CLASS = YES_ERROR;
				CLANG_WARN_QUOTED_INCLUDE_IN_FRAMEWORK_HEADER = YES;
				CLANG_WARN_RANGE_LOOP_ANALYSIS = YES;
				CLANG_WARN_STRICT_PROTOTYPES = YES;
				CLANG_WARN_SUSPICIOUS_MOVE = YES;
				CLANG_WARN_UNGUARDED_AVAILABILITY = YES_AGGRESSIVE;
				CLANG_WARN_UNREACHABLE_CODE = YES;
				CLANG_WARN__DUPLICATE_METHOD_MATCH = YES;
				COPY_PHASE_STRIP = NO;
				DEBUG_INFORMATION_FORMAT = "dwarf-with-dsym";
				ENABLE_NS_ASSERTIONS = NO;
				ENABLE_STRICT_OBJC_MSGSEND = YES;
				GCC_C_LANGUAGE_STANDARD = gnu11;
				GCC_NO_COMMON_BLOCKS = YES;
				GCC_WARN_64_TO_32_BIT_CONVERSION = YES;
				GCC_WARN_ABOUT_RETURN_TYPE = YES_ERROR;
				GCC_WARN_UNDECLARED_SELECTOR = YES;
				GCC_WARN_UNINITIALIZED_AUTOS = YES_AGGRESSIVE;
				GCC_WARN_UNUSED_FUNCTION = YES;
				GCC_WARN_UNUSED_VARIABLE = YES;
				IPHONEOS_DEPLOYMENT_TARGET = 14.5;
				MTL_ENABLE_DEBUG_INFO = NO;
				MTL_FAST_MATH = YES;
				SDKROOT = iphoneos;
				SWIFT_COMPILATION_MODE = wholemodule;
				SWIFT_OPTIMIZATION_LEVEL = "-O";
				VALIDATE_PRODUCT = YES;
			};
			name = Release;
		};
		6DB6ED5C2675FC20003B08DD /* Debug */ = {
			isa = XCBuildConfiguration;
			buildSettings = {
				ASSETCATALOG_COMPILER_APPICON_NAME = AppIcon;
				ASSETCATALOG_COMPILER_GLOBAL_ACCENT_COLOR_NAME = AccentColor;
				CODE_SIGN_STYLE = Automatic;
				DEVELOPMENT_TEAM = J3C436QQA9;
				INFOPLIST_FILE = "Bingo Scorecard/Info.plist";
				LD_RUNPATH_SEARCH_PATHS = (
					"$(inherited)",
					"@executable_path/Frameworks",
				);
				PRODUCT_BUNDLE_IDENTIFIER = "karlcridland.Bingo-Scorecard";
				PRODUCT_NAME = "$(TARGET_NAME)";
				SWIFT_VERSION = 5.0;
				TARGETED_DEVICE_FAMILY = "1,2";
			};
			name = Debug;
		};
		6DB6ED5D2675FC20003B08DD /* Release */ = {
			isa = XCBuildConfiguration;
			buildSettings = {
				ASSETCATALOG_COMPILER_APPICON_NAME = AppIcon;
				ASSETCATALOG_COMPILER_GLOBAL_ACCENT_COLOR_NAME = AccentColor;
				CODE_SIGN_STYLE = Automatic;
				DEVELOPMENT_TEAM = J3C436QQA9;
				INFOPLIST_FILE = "Bingo Scorecard/Info.plist";
				LD_RUNPATH_SEARCH_PATHS = (
					"$(inherited)",
					"@executable_path/Frameworks",
				);
				PRODUCT_BUNDLE_IDENTIFIER = "karlcridland.Bingo-Scorecard";
				PRODUCT_NAME = "$(TARGET_NAME)";
				SWIFT_VERSION = 5.0;
				TARGETED_DEVICE_FAMILY = "1,2";
			};
			name = Release;
		};
/* End XCBuildConfiguration section */

/* Begin XCConfigurationList section */
		6DB6ED422675FC1F003B08DD /* Build configuration list for PBXProject "Bingo Scorecard" */ = {
			isa = XCConfigurationList;
			buildConfigurations = (
				6DB6ED592675FC20003B08DD /* Debug */,
				6DB6ED5A2675FC20003B08DD /* Release */,
			);
			defaultConfigurationIsVisible = 0;
			defaultConfigurationName = Release;
		};
		6DB6ED5B2675FC20003B08DD /* Build configuration list for PBXNativeTarget "Bingo Scorecard" */ = {
			isa = XCConfigurationList;
			buildConfigurations = (
				6DB6ED5C2675FC20003B08DD /* Debug */,
				6DB6ED5D2675FC20003B08DD /* Release */,
			);
			defaultConfigurationIsVisible = 0;
			defaultConfigurationName = Release;
		};
/* End XCConfigurationList section */
	};
	rootObject = 6DB6ED3F2675FC1F003B08DD /* Project object */;
}
